
Microsoft Visual Studio Solution File, Format Version 12.00
# Visual Studio Version 17
VisualStudioVersion = 17.2.32408.312
MinimumVisualStudioVersion = 10.0.40219.1
Project("{FAE04EC0-301F-11D3-BF4B-00C04F79EFBC}") = "google-maps-api", "google-maps-api.csproj", "{C7364F2A-30FF-402F-AE5F-9E7EDE4F09F7}"
EndProject
Global
	GlobalSection(SolutionConfigurationPlatforms) = preSolution
		Debug|Any CPU = Debug|Any CPU
		Release|Any CPU = Release|Any CPU
	EndGlobalSection
	GlobalSection(ProjectConfigurationPlatforms) = postSolution
		{C7364F2A-30FF-402F-AE5F-9E7EDE4F09F7}.Debug|Any CPU.ActiveCfg = Debug|Any CPU
		{C7364F2A-30FF-402F-AE5F-9E7EDE4F09F7}.Debug|Any CPU.Build.0 = Debug|Any CPU
		{C7364F2A-30FF-402F-AE5F-9E7EDE4F09F7}.Release|Any CPU.ActiveCfg = Release|Any CPU
		{C7364F2A-30FF-402F-AE5F-9E7EDE4F09F7}.Release|Any CPU.Build.0 = Release|Any CPU
	EndGlobalSection
	GlobalSection(SolutionProperties) = preSolution
		HideSolutionNode = FALSE
	EndGlobalSection
	GlobalSection(ExtensibilityGlobals) = postSolution
		SolutionGuid = {E9CB7EC5-9F4C-45DA-B121-14EB8A726E98}
	EndGlobalSection
EndGlobal
