
Microsoft Visual Studio Solution File, Format Version 12.00
# Visual Studio Version 17
VisualStudioVersion = 17.0.31808.319
MinimumVisualStudioVersion = 10.0.40219.1
Project("{9A19103F-16F7-4668-BE54-9A1E7A4F7556}") = "GoogleMapsApi.Test", "GoogleMapsApi.Test\GoogleMapsApi.Test.csproj", "{AD9AD8E9-0E2C-470E-9004-373679F9D954}"
EndProject
Project("{2150E333-8FDC-42A3-9474-1A3956D46DE8}") = "src", "src", "{950E065F-B61E-4C05-8C74-5F03946AD7E2}"
EndProject
Project("{2150E333-8FDC-42A3-9474-1A3956D46DE8}") = "tests", "tests", "{9D09CCCC-6AFA-41EA-BFB3-4698FC5830E6}"
EndProject
Project("{2150E333-8FDC-42A3-9474-1A3956D46DE8}") = "artifacts", "artifacts", "{2A90AB7E-F3EC-48BD-974E-41F34A80E714}"
	ProjectSection(SolutionItems) = preProject
		LICENSE.md = LICENSE.md
		README.md = README.md
	EndProjectSection
EndProject
Project("{9A19103F-16F7-4668-BE54-9A1E7A4F7556}") = "GoogleMapsApi", "GoogleMapsApi\GoogleMapsApi.csproj", "{61E9FC82-47B0-43C3-8749-95D3A9967060}"
EndProject
Project("{2150E333-8FDC-42A3-9474-1A3956D46DE8}") = "samples", "samples", "{19C7D2B1-FE79-42F7-9F9E-4F403BDA6033}"
EndProject
Project("{FAE04EC0-301F-11D3-BF4B-00C04F79EFBC}") = "Console.Geocoding", "samples\Console.Geocoding\Console.Geocoding.csproj", "{17CFAF86-9C0D-4958-823E-2A1C0F90C0CD}"
EndProject
Project("{FAE04EC0-301F-11D3-BF4B-00C04F79EFBC}") = "MinimalApi.Directions", "samples\MinimalApi.Directions\MinimalApi.Directions.csproj", "{ACCC7155-3FAC-4B76-B822-26AA5634270F}"
EndProject
Project("{FAE04EC0-301F-11D3-BF4B-00C04F79EFBC}") = "Blazor.Geocoding", "samples\Blazor.Geocoding\Blazor.Geocoding.csproj", "{9742F184-5CDF-49A8-B43A-1F691F077460}"
EndProject
Project("{FAE04EC0-301F-11D3-BF4B-00C04F79EFBC}") = "GoogleMapsApi.Extensions.DependencyInjection", "GoogleMapsApi.Extensions.DependencyInjection\GoogleMapsApi.Extensions.DependencyInjection.csproj", "{BF7FCFA6-53A5-4881-B79E-BDD064F3DCA0}"
EndProject
Project("{FAE04EC0-301F-11D3-BF4B-00C04F79EFBC}") = "GoogleMapsApi.Extensions.DependencyInjection.Test", "GoogleMapsApi.Extensions.DependencyInjection.Test\GoogleMapsApi.Extensions.DependencyInjection.Test.csproj", "{3059B358-14F2-4835-9856-EBD07A578B7A}"
EndProject
Global
	GlobalSection(SolutionConfigurationPlatforms) = preSolution
		Debug|Any CPU = Debug|Any CPU
		Debug|Mixed Platforms = Debug|Mixed Platforms
		Debug|x86 = Debug|x86
		Debug|x64 = Debug|x64
		Release|Any CPU = Release|Any CPU
		Release|Mixed Platforms = Release|Mixed Platforms
		Release|x86 = Release|x86
		Release|x64 = Release|x64
	EndGlobalSection
	GlobalSection(ProjectConfigurationPlatforms) = postSolution
		{AD9AD8E9-0E2C-470E-9004-373679F9D954}.Debug|Any CPU.ActiveCfg = Debug|Any CPU
		{AD9AD8E9-0E2C-470E-9004-373679F9D954}.Debug|Any CPU.Build.0 = Debug|Any CPU
		{AD9AD8E9-0E2C-470E-9004-373679F9D954}.Debug|Mixed Platforms.ActiveCfg = Debug|Any CPU
		{AD9AD8E9-0E2C-470E-9004-373679F9D954}.Debug|Mixed Platforms.Build.0 = Debug|Any CPU
		{AD9AD8E9-0E2C-470E-9004-373679F9D954}.Debug|Mixed Platforms.Deploy.0 = Debug|Any CPU
		{AD9AD8E9-0E2C-470E-9004-373679F9D954}.Debug|x86.ActiveCfg = Debug|Any CPU
		{AD9AD8E9-0E2C-470E-9004-373679F9D954}.Debug|x64.ActiveCfg = Debug|Any CPU
		{AD9AD8E9-0E2C-470E-9004-373679F9D954}.Debug|x64.Build.0 = Debug|Any CPU
		{AD9AD8E9-0E2C-470E-9004-373679F9D954}.Release|Any CPU.ActiveCfg = Release|Any CPU
		{AD9AD8E9-0E2C-470E-9004-373679F9D954}.Release|Any CPU.Build.0 = Release|Any CPU
		{AD9AD8E9-0E2C-470E-9004-373679F9D954}.Release|Mixed Platforms.ActiveCfg = Release|Any CPU
		{AD9AD8E9-0E2C-470E-9004-373679F9D954}.Release|Mixed Platforms.Build.0 = Release|Any CPU
		{AD9AD8E9-0E2C-470E-9004-373679F9D954}.Release|x86.ActiveCfg = Release|Any CPU
		{AD9AD8E9-0E2C-470E-9004-373679F9D954}.Release|x64.ActiveCfg = Release|Any CPU
		{AD9AD8E9-0E2C-470E-9004-373679F9D954}.Release|x64.Build.0 = Release|Any CPU
		{61E9FC82-47B0-43C3-8749-95D3A9967060}.Debug|Any CPU.ActiveCfg = Debug|Any CPU
		{61E9FC82-47B0-43C3-8749-95D3A9967060}.Debug|Any CPU.Build.0 = Debug|Any CPU
		{61E9FC82-47B0-43C3-8749-95D3A9967060}.Debug|Mixed Platforms.ActiveCfg = Debug|Any CPU
		{61E9FC82-47B0-43C3-8749-95D3A9967060}.Debug|Mixed Platforms.Build.0 = Debug|Any CPU
		{61E9FC82-47B0-43C3-8749-95D3A9967060}.Debug|x86.ActiveCfg = Debug|Any CPU
		{61E9FC82-47B0-43C3-8749-95D3A9967060}.Debug|x86.Build.0 = Debug|Any CPU
		{61E9FC82-47B0-43C3-8749-95D3A9967060}.Debug|x64.ActiveCfg = Debug|Any CPU
		{61E9FC82-47B0-43C3-8749-95D3A9967060}.Debug|x64.Build.0 = Debug|Any CPU
		{61E9FC82-47B0-43C3-8749-95D3A9967060}.Release|Any CPU.ActiveCfg = Release|Any CPU
		{61E9FC82-47B0-43C3-8749-95D3A9967060}.Release|Any CPU.Build.0 = Release|Any CPU
		{61E9FC82-47B0-43C3-8749-95D3A9967060}.Release|Mixed Platforms.ActiveCfg = Release|Any CPU
		{61E9FC82-47B0-43C3-8749-95D3A9967060}.Release|Mixed Platforms.Build.0 = Release|Any CPU
		{61E9FC82-47B0-43C3-8749-95D3A9967060}.Release|x86.ActiveCfg = Release|Any CPU
		{61E9FC82-47B0-43C3-8749-95D3A9967060}.Release|x86.Build.0 = Release|Any CPU
		{61E9FC82-47B0-43C3-8749-95D3A9967060}.Release|x64.ActiveCfg = Release|Any CPU
		{61E9FC82-47B0-43C3-8749-95D3A9967060}.Release|x64.Build.0 = Release|Any CPU
		{17CFAF86-9C0D-4958-823E-2A1C0F90C0CD}.Debug|Any CPU.ActiveCfg = Debug|Any CPU
		{17CFAF86-9C0D-4958-823E-2A1C0F90C0CD}.Debug|Any CPU.Build.0 = Debug|Any CPU
		{17CFAF86-9C0D-4958-823E-2A1C0F90C0CD}.Debug|Mixed Platforms.ActiveCfg = Debug|Any CPU
		{17CFAF86-9C0D-4958-823E-2A1C0F90C0CD}.Debug|Mixed Platforms.Build.0 = Debug|Any CPU
		{17CFAF86-9C0D-4958-823E-2A1C0F90C0CD}.Debug|x86.ActiveCfg = Debug|Any CPU
		{17CFAF86-9C0D-4958-823E-2A1C0F90C0CD}.Debug|x86.Build.0 = Debug|Any CPU
		{17CFAF86-9C0D-4958-823E-2A1C0F90C0CD}.Debug|x64.ActiveCfg = Debug|Any CPU
		{17CFAF86-9C0D-4958-823E-2A1C0F90C0CD}.Debug|x64.Build.0 = Debug|Any CPU
		{17CFAF86-9C0D-4958-823E-2A1C0F90C0CD}.Release|Any CPU.ActiveCfg = Release|Any CPU
		{17CFAF86-9C0D-4958-823E-2A1C0F90C0CD}.Release|Any CPU.Build.0 = Release|Any CPU
		{17CFAF86-9C0D-4958-823E-2A1C0F90C0CD}.Release|Mixed Platforms.ActiveCfg = Release|Any CPU
		{17CFAF86-9C0D-4958-823E-2A1C0F90C0CD}.Release|Mixed Platforms.Build.0 = Release|Any CPU
		{17CFAF86-9C0D-4958-823E-2A1C0F90C0CD}.Release|x86.ActiveCfg = Release|Any CPU
		{17CFAF86-9C0D-4958-823E-2A1C0F90C0CD}.Release|x86.Build.0 = Release|Any CPU
		{17CFAF86-9C0D-4958-823E-2A1C0F90C0CD}.Release|x64.ActiveCfg = Release|Any CPU
		{17CFAF86-9C0D-4958-823E-2A1C0F90C0CD}.Release|x64.Build.0 = Release|Any CPU
		{ACCC7155-3FAC-4B76-B822-26AA5634270F}.Debug|Any CPU.ActiveCfg = Debug|Any CPU
		{ACCC7155-3FAC-4B76-B822-26AA5634270F}.Debug|Any CPU.Build.0 = Debug|Any CPU
		{ACCC7155-3FAC-4B76-B822-26AA5634270F}.Debug|Mixed Platforms.ActiveCfg = Debug|Any CPU
		{ACCC7155-3FAC-4B76-B822-26AA5634270F}.Debug|Mixed Platforms.Build.0 = Debug|Any CPU
		{ACCC7155-3FAC-4B76-B822-26AA5634270F}.Debug|x86.ActiveCfg = Debug|Any CPU
		{ACCC7155-3FAC-4B76-B822-26AA5634270F}.Debug|x86.Build.0 = Debug|Any CPU
		{ACCC7155-3FAC-4B76-B822-26AA5634270F}.Debug|x64.ActiveCfg = Debug|Any CPU
		{ACCC7155-3FAC-4B76-B822-26AA5634270F}.Debug|x64.Build.0 = Debug|Any CPU
		{ACCC7155-3FAC-4B76-B822-26AA5634270F}.Release|Any CPU.ActiveCfg = Release|Any CPU
		{ACCC7155-3FAC-4B76-B822-26AA5634270F}.Release|Any CPU.Build.0 = Release|Any CPU
		{ACCC7155-3FAC-4B76-B822-26AA5634270F}.Release|Mixed Platforms.ActiveCfg = Release|Any CPU
		{ACCC7155-3FAC-4B76-B822-26AA5634270F}.Release|Mixed Platforms.Build.0 = Release|Any CPU
		{ACCC7155-3FAC-4B76-B822-26AA5634270F}.Release|x86.ActiveCfg = Release|Any CPU
		{ACCC7155-3FAC-4B76-B822-26AA5634270F}.Release|x86.Build.0 = Release|Any CPU
		{ACCC7155-3FAC-4B76-B822-26AA5634270F}.Release|x64.ActiveCfg = Release|Any CPU
		{ACCC7155-3FAC-4B76-B822-26AA5634270F}.Release|x64.Build.0 = Release|Any CPU
		{9742F184-5CDF-49A8-B43A-1F691F077460}.Debug|Any CPU.ActiveCfg = Debug|Any CPU
		{9742F184-5CDF-49A8-B43A-1F691F077460}.Debug|Any CPU.Build.0 = Debug|Any CPU
		{9742F184-5CDF-49A8-B43A-1F691F077460}.Debug|Mixed Platforms.ActiveCfg = Debug|Any CPU
		{9742F184-5CDF-49A8-B43A-1F691F077460}.Debug|Mixed Platforms.Build.0 = Debug|Any CPU
		{9742F184-5CDF-49A8-B43A-1F691F077460}.Debug|x86.ActiveCfg = Debug|Any CPU
		{9742F184-5CDF-49A8-B43A-1F691F077460}.Debug|x86.Build.0 = Debug|Any CPU
		{9742F184-5CDF-49A8-B43A-1F691F077460}.Debug|x64.ActiveCfg = Debug|Any CPU
		{9742F184-5CDF-49A8-B43A-1F691F077460}.Debug|x64.Build.0 = Debug|Any CPU
		{9742F184-5CDF-49A8-B43A-1F691F077460}.Release|Any CPU.ActiveCfg = Release|Any CPU
		{9742F184-5CDF-49A8-B43A-1F691F077460}.Release|Any CPU.Build.0 = Release|Any CPU
		{9742F184-5CDF-49A8-B43A-1F691F077460}.Release|Mixed Platforms.ActiveCfg = Release|Any CPU
		{9742F184-5CDF-49A8-B43A-1F691F077460}.Release|Mixed Platforms.Build.0 = Release|Any CPU
		{9742F184-5CDF-49A8-B43A-1F691F077460}.Release|x86.ActiveCfg = Release|Any CPU
		{9742F184-5CDF-49A8-B43A-1F691F077460}.Release|x86.Build.0 = Release|Any CPU
		{9742F184-5CDF-49A8-B43A-1F691F077460}.Release|x64.ActiveCfg = Release|Any CPU
		{9742F184-5CDF-49A8-B43A-1F691F077460}.Release|x64.Build.0 = Release|Any CPU
		{BF7FCFA6-53A5-4881-B79E-BDD064F3DCA0}.Debug|Any CPU.ActiveCfg = Debug|Any CPU
		{BF7FCFA6-53A5-4881-B79E-BDD064F3DCA0}.Debug|Any CPU.Build.0 = Debug|Any CPU
		{BF7FCFA6-53A5-4881-B79E-BDD064F3DCA0}.Debug|Mixed Platforms.ActiveCfg = Debug|Any CPU
		{BF7FCFA6-53A5-4881-B79E-BDD064F3DCA0}.Debug|Mixed Platforms.Build.0 = Debug|Any CPU
		{BF7FCFA6-53A5-4881-B79E-BDD064F3DCA0}.Debug|x86.ActiveCfg = Debug|Any CPU
		{BF7FCFA6-53A5-4881-B79E-BDD064F3DCA0}.Debug|x86.Build.0 = Debug|Any CPU
		{BF7FCFA6-53A5-4881-B79E-BDD064F3DCA0}.Debug|x64.ActiveCfg = Debug|Any CPU
		{BF7FCFA6-53A5-4881-B79E-BDD064F3DCA0}.Debug|x64.Build.0 = Debug|Any CPU
		{BF7FCFA6-53A5-4881-B79E-BDD064F3DCA0}.Release|Any CPU.ActiveCfg = Release|Any CPU
		{BF7FCFA6-53A5-4881-B79E-BDD064F3DCA0}.Release|Any CPU.Build.0 = Release|Any CPU
		{BF7FCFA6-53A5-4881-B79E-BDD064F3DCA0}.Release|Mixed Platforms.ActiveCfg = Release|Any CPU
		{BF7FCFA6-53A5-4881-B79E-BDD064F3DCA0}.Release|Mixed Platforms.Build.0 = Release|Any CPU
		{BF7FCFA6-53A5-4881-B79E-BDD064F3DCA0}.Release|x86.ActiveCfg = Release|Any CPU
		{BF7FCFA6-53A5-4881-B79E-BDD064F3DCA0}.Release|x86.Build.0 = Release|Any CPU
		{BF7FCFA6-53A5-4881-B79E-BDD064F3DCA0}.Release|x64.ActiveCfg = Release|Any CPU
		{BF7FCFA6-53A5-4881-B79E-BDD064F3DCA0}.Release|x64.Build.0 = Release|Any CPU
		{3059B358-14F2-4835-9856-EBD07A578B7A}.Debug|Any CPU.ActiveCfg = Debug|Any CPU
		{3059B358-14F2-4835-9856-EBD07A578B7A}.Debug|Any CPU.Build.0 = Debug|Any CPU
		{3059B358-14F2-4835-9856-EBD07A578B7A}.Debug|Mixed Platforms.ActiveCfg = Debug|Any CPU
		{3059B358-14F2-4835-9856-EBD07A578B7A}.Debug|Mixed Platforms.Build.0 = Debug|Any CPU
		{3059B358-14F2-4835-9856-EBD07A578B7A}.Debug|x86.ActiveCfg = Debug|Any CPU
		{3059B358-14F2-4835-9856-EBD07A578B7A}.Debug|x86.Build.0 = Debug|Any CPU
		{3059B358-14F2-4835-9856-EBD07A578B7A}.Debug|x64.ActiveCfg = Debug|Any CPU
		{3059B358-14F2-4835-9856-EBD07A578B7A}.Debug|x64.Build.0 = Debug|Any CPU
		{3059B358-14F2-4835-9856-EBD07A578B7A}.Release|Any CPU.ActiveCfg = Release|Any CPU
		{3059B358-14F2-4835-9856-EBD07A578B7A}.Release|Any CPU.Build.0 = Release|Any CPU
		{3059B358-14F2-4835-9856-EBD07A578B7A}.Release|Mixed Platforms.ActiveCfg = Release|Any CPU
		{3059B358-14F2-4835-9856-EBD07A578B7A}.Release|Mixed Platforms.Build.0 = Release|Any CPU
		{3059B358-14F2-4835-9856-EBD07A578B7A}.Release|x86.ActiveCfg = Release|Any CPU
		{3059B358-14F2-4835-9856-EBD07A578B7A}.Release|x86.Build.0 = Release|Any CPU
		{3059B358-14F2-4835-9856-EBD07A578B7A}.Release|x64.ActiveCfg = Release|Any CPU
		{3059B358-14F2-4835-9856-EBD07A578B7A}.Release|x64.Build.0 = Release|Any CPU
	EndGlobalSection
	GlobalSection(SolutionProperties) = preSolution
		HideSolutionNode = FALSE
	EndGlobalSection
	GlobalSection(NestedProjects) = preSolution
		{AD9AD8E9-0E2C-470E-9004-373679F9D954} = {9D09CCCC-6AFA-41EA-BFB3-4698FC5830E6}
		{61E9FC82-47B0-43C3-8749-95D3A9967060} = {950E065F-B61E-4C05-8C74-5F03946AD7E2}
		{17CFAF86-9C0D-4958-823E-2A1C0F90C0CD} = {19C7D2B1-FE79-42F7-9F9E-4F403BDA6033}
		{ACCC7155-3FAC-4B76-B822-26AA5634270F} = {19C7D2B1-FE79-42F7-9F9E-4F403BDA6033}
		{9742F184-5CDF-49A8-B43A-1F691F077460} = {19C7D2B1-FE79-42F7-9F9E-4F403BDA6033}
		{BF7FCFA6-53A5-4881-B79E-BDD064F3DCA0} = {950E065F-B61E-4C05-8C74-5F03946AD7E2}
		{3059B358-14F2-4835-9856-EBD07A578B7A} = {9D09CCCC-6AFA-41EA-BFB3-4698FC5830E6}
	EndGlobalSection
	GlobalSection(ExtensibilityGlobals) = postSolution
		SolutionGuid = {061AA237-7231-49DE-835A-296ED94715C4}
	EndGlobalSection
EndGlobal
