
Microsoft Visual Studio Solution File, Format Version 12.00
# Visual Studio Version 16
VisualStudioVersion = 16.0.31129.286
MinimumVisualStudioVersion = 10.0.40219.1
Project("{FAE04EC0-301F-11D3-BF4B-00C04F79EFBC}") = "GoogleMapsWPF", "GoogleMapsWPF.csproj", "{2841EEDA-D859-46DB-B2C4-6827D09775CB}"
EndProject
Global
	GlobalSection(SolutionConfigurationPlatforms) = preSolution
		Debug|Any CPU = Debug|Any CPU
		Release|Any CPU = Release|Any CPU
	EndGlobalSection
	GlobalSection(ProjectConfigurationPlatforms) = postSolution
		{2841EEDA-D859-46DB-B2C4-6827D09775CB}.Debug|Any CPU.ActiveCfg = Debug|Any CPU
		{2841EEDA-D859-46DB-B2C4-6827D09775CB}.Debug|Any CPU.Build.0 = Debug|Any CPU
		{2841EEDA-D859-46DB-B2C4-6827D09775CB}.Release|Any CPU.ActiveCfg = Release|Any CPU
		{2841EEDA-D859-46DB-B2C4-6827D09775CB}.Release|Any CPU.Build.0 = Release|Any CPU
	EndGlobalSection
	GlobalSection(SolutionProperties) = preSolution
		HideSolutionNode = FALSE
	EndGlobalSection
	GlobalSection(ExtensibilityGlobals) = postSolution
		SolutionGuid = {F4B6628F-98BB-409C-A09C-9489B1479D25}
	EndGlobalSection
EndGlobal
